PODS:
  - Nimble (10.0.0)
  - Quick (5.0.1)
  - XXTableViewForm (0.1.0)

DEPENDENCIES:
  - Nimble
  - Quick
  - XXTableViewForm (from `../`)

SPEC REPOS:
  trunk:
    - Nimble
    - Quick

EXTERNAL SOURCES:
  XXTableViewForm:
    :path: "../"

SPEC CHECKSUMS:
  Nimble: 5316ef81a170ce87baf72dd961f22f89a602ff84
  Quick: 749aa754fd1e7d984f2000fe051e18a3a9809179
  XXTableViewForm: 34d603440e82903f57987b53421fb7c448e8ece1

PODFILE CHECKSUM: b1a50c866447134014e8bc175d9a8faaa232e432

COCOAPODS: 1.16.2
